{
  "name": "dependencies",
  "lockfileVersion": 3,
  "requires": true,
  "packages": {
    "": {
      "dependencies": {
        "capitalize-the-first-letter": "^1.0.8"
      }
    },
    "node_modules/capitalize-the-first-letter": {
      "version": "1.0.8",
      "resolved": "https://registry.npmmirror.com/capitalize-the-first-letter/-/capitalize-the-first-letter-1.0.8.tgz",
      "integrity": "sha512-T2xV0ioN8G3XeL7l5z15mk89ZvTNMYvWEnHLVX820ixSU6oZmrfhnKper/uPuSnKFN8fab7olrmMzAPlafmz+Q==",
      "license": "MIT"
    }
  }
}
